
Microsoft Visual Studio Solution File, Format Version 12.00
# Visual Studio 15
Project("{FAE04EC0-301F-11D3-BF4B-00C04F79EFBC}") = "SampleWebApi", "SampleWebApi.csproj", "{823A437D-650C-40C6-B8A7-8E36A7DD0CCF}"
EndProject
Global
	GlobalSection(SolutionConfigurationPlatforms) = preSolution
		Debug|Any CPU = Debug|Any CPU
		Release|Any CPU = Release|Any CPU
	EndGlobalSection
	GlobalSection(ProjectConfigurationPlatforms) = postSolution
		{823A437D-650C-40C6-B8A7-8E36A7DD0CCF}.Debug|Any CPU.ActiveCfg = Debug|Any CPU
		{823A437D-650C-40C6-B8A7-8E36A7DD0CCF}.Debug|Any CPU.Build.0 = Debug|Any CPU
		{823A437D-650C-40C6-B8A7-8E36A7DD0CCF}.Release|Any CPU.ActiveCfg = Release|Any CPU
		{823A437D-650C-40C6-B8A7-8E36A7DD0CCF}.Release|Any CPU.Build.0 = Release|Any CPU
	EndGlobalSection
EndGlobal
